github.com/Azure/azure-sdk-for-go v11.1.1-beta+incompatible h1:UanIfAyKxwQgLNfs8LIVfWsSB6JaA0Bj5grnEldOFok=
github.com/Azure/azure-sdk-for-go v11.1.1-beta+incompatible/go.mod h1:9XXNKU+eRnpl9moKnB4QOLf1HestfXbmab5FXxiDBjc=
github.com/Azure/go-autorest v8.4.0+incompatible h1:L0lfRrBLK26wwXV0pkmu7D2w1n2VBU6QaH0DXGLvnzA=
github.com/Azure/go-autorest v8.4.0+incompatible/go.mod h1:r+4oMnoxhatjLLJ6zxSWATqVooLgysK6ZNox3g/xq24=
github.com/NetEase-Object-Storage/nos-golang-sdk v0.0.0-20171031020902-cc8892cb2b05 h1:NEPjpPSOSDDmnix+VANw/CfUs1fAorLIaz/IFz2eQ2o=
github.com/NetEase-Object-Storage/nos-golang-sdk v0.0.0-20171031020902-cc8892cb2b05/go.mod h1:0N5CbwYI/8V1T6YOEwkgMvLmiGDNn661vLutBZQrC2c=
github.com/aliyun/aliyun-oss-go-sdk v0.0.0-20170925032315-6fe16293d6b7 h1:uHceyjNJ6fFv1Vv2zOrB7Qm8VnVjQ/TuJ8mwV7pHPKk=
github.com/aliyun/aliyun-oss-go-sdk v0.0.0-20170925032315-6fe16293d6b7/go.mod h1:T/Aws4fEfogEE9v+HPhhw+CntffsBHJ8nXQCwKr0/g8=
github.com/aws/aws-sdk-go v1.12.10 h1:ihg0UOujHVcFciyc6zs/q5VLhoG1K+oDLqgpCxkAh04=
github.com/aws/aws-sdk-go v1.12.10/go.mod h1:ZRmQr0FajVIyZ4ZzBYKG5P3ZqPz9IHG41ZoMu1ADI3k=
github.com/baidubce/bce-sdk-go v0.0.0-20180401121131-aa0c7bd66b01 h1:pmQ6WjFOHtNL0IHsLB0r3fOyRQ6KK/CfZ9dDI7ugZnU=
github.com/baidubce/bce-sdk-go v0.0.0-20180401121131-aa0c7bd66b01/go.mod h1:T3yEA2H7hXAlvniSEJRsPlDYlh8OEZZzH0zlIP/1JIY=
github.com/dgrijalva/jwt-go v3.0.0+incompatible h1:nfVqwkkhaRUethVJaQf5TUFdFr3YUF4lJBTf/F2XwVI=
github.com/dgrijalva/jwt-go v3.0.0+incompatible/go.mod h1:E3ru+11k8xSBh+hMPgOLZmtrrCbhqsmaPHjLKYnJCaQ=
github.com/go-ini/ini v1.28.2 h1:drmmYv7psRpoGZkPtPKKTB+ZFSnvmwCMfNj5o1nLh2Y=
github.com/go-ini/ini v1.28.2/go.mod h1:ByCAeIL28uOIIG0E3PJtZPDL8WnHpFKFOtgjp+3Ies8=
github.com/golang/protobuf v0.0.0-20170920220647-130e6b02ab05/go.mod h1:6lQm79b+lXiMfvg/cZm0SGofjICqVBUtrP5yJMmIC1U=
github.com/googleapis/gax-go v2.0.0+incompatible/go.mod h1:SFVmujtThgffbyetf+mdk2eWhX2bMyUtNHzFKcPA9HY=
github.com/jmespath/go-jmespath v0.0.0-20160202185014-0b12d6b521d8 h1:12VvqtR6Aowv3l/EQUlocDHW2Cp4G9WJVH7uyH8QFJE=
github.com/jmespath/go-jmespath v0.0.0-20160202185014-0b12d6b521d8/go.mod h1:Nht3zPeWKUH0NzdCt2Blrr5ys8VGpn0CEB0cQHVjt7k=
github.com/ks3sdklib/aws-sdk-go v0.0.0-20180820074416-dafab05ad142 h1:GJhAJadgNsHvO7dMqa+GkV3CxooJujxZXVj9VwhwSmI=
github.com/ks3sdklib/aws-sdk-go v0.0.0-20180820074416-dafab05ad142/go.mod h1:WKPC0Foi1kjnyeC6Ei45XBBT+CIzHuhk/uwpCRmAf+o=
github.com/kurin/blazer v0.2.1 h1:lUhpcdTHl3foU5IcjgzM5Hbv9hQX7ce7PugSGIi+ztU=
github.com/kurin/blazer v0.2.1/go.mod h1:4FCXMUWo9DllR2Do4TtBd377ezyAJ51vB5uTBjt0pGU=
github.com/mattn/go-isatty v0.0.4 h1:bnP0vzxcAdeI1zdubAl5PjU6zsERjGZb7raWodagDYs=
github.com/mattn/go-isatty v0.0.4/go.mod h1:M+lRXTBqGeGNdLjl/ufCoiOlB5xdOkqRJdNxMWT7Zi4=
github.com/pengsrc/go-shared v0.1.1 h1:EKtculRYz6nZhwV+AT5kM43GTyPBYWRcJp22tWp+ViI=
github.com/pengsrc/go-shared v0.1.1/go.mod h1:jVblp62SafmidSkvWrXyxAme3gaTfEtWwRPGz5cpvHg=
github.com/qiniu/api.v7 v7.1.0+incompatible h1:Ni3rUXf10XIO1Bf+XTC7cTh3H4cOWxLJc9uSZ67nO9Y=
github.com/qiniu/api.v7 v7.1.0+incompatible/go.mod h1:V8/EzlTgLN6q0s0CJmg/I81ytsvldSF22F7h6MI02+c=
github.com/qiniu/x v7.0.8+incompatible h1:P4LASsfwJY7SoZ13dwqBwGhZh7HKU8cdFVCUkmz0gZ8=
github.com/qiniu/x v7.0.8+incompatible/go.mod h1:KpRKWYG/GaidPQVpoQ2Cvuvtts3gYnoo2PftgdmAiU4=
github.com/satori/uuid v1.1.0 h1:ZS7eEEVHlX8VYf4sjZMpx4RO5emTVEAZn99aO+uBFXI=
github.com/satori/uuid v1.1.0/go.mod h1:B8HLsPLik/YNn6KKWVMDJ8nzCL8RP5WyfsnmvnAEwIU=
github.com/sirupsen/logrus v1.0.3 h1:B5C/igNWoiULof20pKfY4VntcIPqKuwEmoLZrabbUrc=
github.com/sirupsen/logrus v1.0.3/go.mod h1:pMByvHTf9Beacp5x1UXfOR9xyW/9antXMhjMPG0dEzc=
github.com/viki-org/dnscache v0.0.0-20130720023526-c70c1f23c5d8 h1:EVObHAr8DqpoJCVv6KYTle8FEImKhtkfcZetNqxDoJQ=
github.com/viki-org/dnscache v0.0.0-20130720023526-c70c1f23c5d8/go.mod h1:dniwbG03GafCjFohMDmz6Zc6oCuiqgH6tGNyXTkHzXE=
github.com/yunify/qingstor-sdk-go v2.2.12+incompatible h1:N0axVDACD9gezqKmTgVEa/ySBRAhRawqkIsOUWguzhc=
github.com/yunify/qingstor-sdk-go v2.2.12+incompatible/go.mod h1:w6wqLDQ5bBTzxGJ55581UrSwLrsTAsdo9N6yX/8d9RY=
gopkg.in/check.v1 v0.0.0-20161208181325-20d25e280405/go.mod h1:Co6ibVJAznAaIkqp8huTwlJQCZ016jof/cbN4VW5Yz0=
gopkg.in/yaml.v2 v2.2.1 h1:mUhvW9EsL+naU5Q3cakzfE91YhliOondGd6ZrsDBHQE=
gopkg.in/yaml.v2 v2.2.1/go.mod h1:hI93XBmqTisBFMUTm0b8Fm+jr3Dg1NNxqwp+5A1VGuI=
qiniupkg.com/x v7.0.7+incompatible h1:vFtHLSqc+eqz3f6eua1R4O74x8QNTZiPO05Vv8/Jfw4=
qiniupkg.com/x v7.0.7+incompatible/go.mod h1:6sLxR5IZ03vMaRAQAY/5MvzofeoBIjO4XE0Njv6V1ms=
