# This file is autogenerated, do not edit; changes may be undone by the next 'dep ensure'.


[[projects]]
  name = "cloud.google.com/go"
  packages = ["compute/metadata","iam","internal","internal/optional","internal/version","storage"]
  revision = "eaddaf6dd7ee35fd3c2420c8d27478db176b0485"
  version = "v0.15.0"

[[projects]]
  name = "github.com/Azure/azure-sdk-for-go"
  packages = ["storage"]
  revision = "509eea43b93cec2f3f17acbe2578ef58703923f8"
  version = "v11.1.1-beta"

[[projects]]
  name = "github.com/Azure/go-autorest"
  packages = ["autorest","autorest/adal","autorest/azure","autorest/date"]
  revision = "f6be1abbb5abd0517522f850dd785990d373da7e"
  version = "v8.4.0"

[[projects]]
  name = "github.com/NetEase-Object-Storage/nos-golang-sdk"
  packages = ["auth","config","httpclient","logger","model","nosclient","nosconst","noserror","utils"]
  revision = "cc8892cb2b0564110e341916e1eaa8ac5faa3380"

[[projects]]
  name = "github.com/aliyun/aliyun-oss-go-sdk"
  packages = ["oss"]
  revision = "6fe16293d6b7af4f5c2450714c5b4825c8ad040c"
  version = "1.7.0"

[[projects]]
  name = "github.com/aws/aws-sdk-go"
  packages = ["aws","aws/awserr","aws/awsutil","aws/client","aws/client/metadata","aws/corehandlers","aws/credentials","aws/credentials/ec2rolecreds","aws/credentials/endpointcreds","aws/credentials/stscreds","aws/defaults","aws/ec2metadata","aws/endpoints","aws/request","aws/session","aws/signer/v4","internal/shareddefaults","private/protocol","private/protocol/query","private/protocol/query/queryutil","private/protocol/rest","private/protocol/restxml","private/protocol/xml/xmlutil","service/s3","service/sts"]
  revision = "7cb0cfd8c7a20efc2ec149e50eb55fc770c673d8"
  version = "v1.12.10"

[[projects]]
  name = "github.com/baidubce/bce-sdk-go"
  packages = ["auth","bce","http","services/bos","services/bos/api","util","util/log"]
  revision = "aa0c7bd66b0171e8daf35c599882f9a6a046bbdd"

[[projects]]
  name = "github.com/dgrijalva/jwt-go"
  packages = ["."]
  revision = "d2709f9f1f31ebcda9651b03077758c1f3a0018c"
  version = "v3.0.0"

[[projects]]
  name = "github.com/go-ini/ini"
  packages = ["."]
  revision = "20b96f641a5ea98f2f8619ff4f3e061cff4833bd"
  version = "v1.28.2"

[[projects]]
  branch = "master"
  name = "github.com/golang/protobuf"
  packages = ["proto","protoc-gen-go/descriptor","ptypes","ptypes/any","ptypes/duration","ptypes/timestamp"]
  revision = "130e6b02ab059e7b717a096f397c5b60111cae74"

[[projects]]
  name = "github.com/googleapis/gax-go"
  packages = ["."]
  revision = "317e0006254c44a0ac427cc52a0e083ff0b9622f"
  version = "v2.0.0"

[[projects]]
  name = "github.com/jmespath/go-jmespath"
  packages = ["."]
  revision = "0b12d6b5"

[[projects]]
  name = "github.com/ks3sdklib/aws-sdk-go"
  packages = ["aws","aws/awserr","aws/awsutil","aws/credentials","internal/apierr","internal/endpoints","internal/protocol/query","internal/protocol/query/queryutil","internal/protocol/rest","internal/protocol/restxml","internal/protocol/xml/xmlutil","internal/signer/v2","service/s3"]
  revision = "dafab05ad142797d6787c3b33df0cd59c29bc9dc"

[[projects]]
  name = "github.com/kurin/blazer"
  packages = ["b2","base","internal/b2types","internal/blog"]
  revision = "e269a1a17bb6aec278c06a57cb7e8f8d0d333e04"
  version = "v0.2.1"

[[projects]]
  name = "github.com/pengsrc/go-shared"
  packages = ["buffer","check","convert","log","reopen"]
  revision = "b98065a377794d577e2a0e32869378b9ce4b8952"
  version = "v0.1.1"

[[projects]]
  name = "github.com/qiniu/api.v7"
  packages = ["api","auth/qbox","conf","kodo","kodocli"]
  revision = "9c12a67868f8f94d6a75dd6bb59b095db8d40d77"
  version = "v7.1.0"

[[projects]]
  name = "github.com/qiniu/x"
  packages = ["bytes.v7","bytes.v7/seekable","ctype.v7","log.v7","rpc.v7","url.v7","xlog.v7"]
  revision = "946c4a16076d6d98aeb78619e2bd4012357f7228"
  version = "v7.0.8"

[[projects]]
  name = "github.com/satori/uuid"
  packages = ["."]
  revision = "879c5887cd475cd7864858769793b2ceb0d44feb"
  version = "v1.1.0"

[[projects]]
  name = "github.com/sirupsen/logrus"
  packages = [".","hooks/syslog"]
  revision = "f006c2ac4710855cf0f916dd6b77acf6b048dc6e"
  version = "v1.0.3"

[[projects]]
  name = "github.com/viki-org/dnscache"
  packages = ["."]
  revision = "c70c1f23c5d84ab39054ec6b418a5ed0fa51cade"

[[projects]]
  name = "github.com/yunify/qingstor-sdk-go"
  packages = [".","config","logger","request","request/builder","request/data","request/errors","request/signer","request/unpacker","service","utils"]
  revision = "9e88dc1b83728e1462fd74bb61b0f5e28ac95bb6"
  version = "v2.2.12"

[[projects]]
  branch = "master"
  name = "golang.org/x/crypto"
  packages = ["ssh/terminal"]
  revision = "9419663f5a44be8b34ca85f08abc5fe1be11f8a3"

[[projects]]
  branch = "master"
  name = "golang.org/x/net"
  packages = ["context","context/ctxhttp","http2","http2/hpack","idna","internal/timeseries","lex/httplex","trace"]
  revision = "a04bdaca5b32abe1c069418fb7088ae607de5bd0"

[[projects]]
  branch = "master"
  name = "golang.org/x/oauth2"
  packages = [".","google","internal","jws","jwt"]
  revision = "bb50c06baba3d0c76f9d125c0719093e315b5b44"

[[projects]]
  branch = "master"
  name = "golang.org/x/sys"
  packages = ["unix","windows"]
  revision = "686000749eaec0b8855b8eef5336cf63899fe51d"

[[projects]]
  branch = "master"
  name = "golang.org/x/text"
  packages = ["collate","collate/build","internal/colltab","internal/gen","internal/tag","internal/triegen","internal/ucd","language","secure/bidirule","transform","unicode/bidi","unicode/cldr","unicode/norm","unicode/rangetable"]
  revision = "c01e4764d870b77f8abe5096ee19ad20d80e8075"

[[projects]]
  branch = "master"
  name = "google.golang.org/api"
  packages = ["gensupport","googleapi","googleapi/internal/uritemplates","googleapi/transport","internal","iterator","option","storage/v1","transport/http"]
  revision = "b02deba8ecc515109e445c1cd35cc85cc08500d8"

[[projects]]
  name = "google.golang.org/appengine"
  packages = [".","internal","internal/app_identity","internal/base","internal/datastore","internal/log","internal/modules","internal/remote_api","internal/urlfetch","urlfetch"]
  revision = "150dc57a1b433e64154302bdc40b6bb8aefa313a"
  version = "v1.0.0"

[[projects]]
  branch = "master"
  name = "google.golang.org/genproto"
  packages = ["googleapis/api/annotations","googleapis/iam/v1","googleapis/rpc/status"]
  revision = "f676e0f3ac6395ff1a529ae59a6670878a8371a6"

[[projects]]
  name = "google.golang.org/grpc"
  packages = [".","balancer","codes","connectivity","credentials","grpclb/grpc_lb_v1/messages","grpclog","internal","keepalive","metadata","naming","peer","resolver","stats","status","tap","transport"]
  revision = "f7bf885db0b7479a537ec317c6e48ce53145f3db"
  version = "v1.7.0"

[[projects]]
  branch = "v2"
  name = "gopkg.in/yaml.v2"
  packages = ["."]
  revision = "eb3733d160e74a9c7e442f435eb3bea458e1d19f"

[[projects]]
  name = "qiniupkg.com/x"
  packages = ["bytes.v7","log.v7","reqid.v7"]
  revision = "8fdcb89a80ae34e50b752c0dace258eb0256d2d8"
  version = "v7.0.7"

[solve-meta]
  analyzer-name = "dep"
  analyzer-version = 1
  inputs-digest = "cbc2e89dc04db03ae6e35724488c66de66efb4984f30ac8a52cdf7be11e7ad6b"
  solver-name = "gps-cdcl"
  solver-version = 1
